PODS:
  - AFNetworking (3.1.0):
    - AFNetworking/NSURLSession (= 3.1.0)
    - AFNetworking/Reachability (= 3.1.0)
    - AFNetworking/Security (= 3.1.0)
    - AFNetworking/Serialization (= 3.1.0)
    - AFNetworking/UIKit (= 3.1.0)
  - AFNetworking/NSURLSession (3.1.0):
    - AFNetworking/Reachability
    - AFNetworking/Security
    - AFNetworking/Serialization
  - AFNetworking/Reachability (3.1.0)
  - AFNetworking/Security (3.1.0)
  - AFNetworking/Serialization (3.1.0)
  - AFNetworking/UIKit (3.1.0):
    - AFNetworking/NSURLSession
  - CTMediator (0.0.3)
  - Masonry (1.0.2)
  - MJExtension (3.0.13)
  - TRZXNetwork (0.0.7):
    - AFNetworking
    - YYCache
  - YYCache (1.0.4)

DEPENDENCIES:
  - CTMediator
  - Masonry
  - MJExtension
  - TRZXNetwork

SPEC CHECKSUMS:
  AFNetworking: 5e0e199f73d8626b11e79750991f5d173d1f8b67
  CTMediator: c9a1203561e2232cb9a72822659159a02ae3cf20
  Masonry: 7c429b56da9d4ee0bbb3ed77a5ea710d6a5df39e
  MJExtension: 5932755f451458eefa24239358817f8d291240c7
  TRZXNetwork: 971adad8c503f4e1fa21a2a3cfa8b73a7e4f3a13
  YYCache: 8105b6638f5e849296c71f331ff83891a4942952

PODFILE CHECKSUM: e5e4ee5a94b54558aac9f8376b28825e2bee4043

COCOAPODS: 1.2.0
